
Microsoft Visual Studio Solution File, Format Version 12.00
# Visual Studio Version 17
VisualStudioVersion = 17.14.36203.30 d17.14
MinimumVisualStudioVersion = 10.0.40219.1
Project("{FAE04EC0-301F-11D3-BF4B-00C04F79EFBC}") = "CareerLync", "CareerLync\CareerLync.csproj", "{EC9206FF-A588-4485-B08A-7B7F01369080}"
EndProject
Global
	GlobalSection(SolutionConfigurationPlatforms) = preSolution
		Debug|Any CPU = Debug|Any CPU
		Release|Any CPU = Release|Any CPU
	EndGlobalSection
	GlobalSection(ProjectConfigurationPlatforms) = postSolution
		{EC9206FF-A588-4485-B08A-7B7F01369080}.Debug|Any CPU.ActiveCfg = Debug|Any CPU
		{EC9206FF-A588-4485-B08A-7B7F01369080}.Debug|Any CPU.Build.0 = Debug|Any CPU
		{EC9206FF-A588-4485-B08A-7B7F01369080}.Release|Any CPU.ActiveCfg = Release|Any CPU
		{EC9206FF-A588-4485-B08A-7B7F01369080}.Release|Any CPU.Build.0 = Release|Any CPU
	EndGlobalSection
	GlobalSection(SolutionProperties) = preSolution
		HideSolutionNode = FALSE
	EndGlobalSection
	GlobalSection(ExtensibilityGlobals) = postSolution
		SolutionGuid = {8EA71F0C-626E-46DF-90E9-806ECD53A75E}
	EndGlobalSection
EndGlobal
